
Microsoft Visual Studio Solution File, Format Version 12.00
Project("{FAE04EC0-301F-11D3-BF4B-00C04F79EFBC}") = "NameServer", "NameServer\NameServer.csproj", "{4BC570F5-4EDF-43AC-B016-1A0A25AA2FBE}"
EndProject
Project("{FAE04EC0-301F-11D3-BF4B-00C04F79EFBC}") = "Client", "Client\Client.csproj", "{B84C9F45-0084-49D4-A6EF-655C94B783CD}"
EndProject
Project("{FAE04EC0-301F-11D3-BF4B-00C04F79EFBC}") = "Networking", "Networking\Networking.csproj", "{F29A3A6E-3BC2-4184-908C-15AD918D5546}"
EndProject
Project("{FAE04EC0-301F-11D3-BF4B-00C04F79EFBC}") = "Commands", "Commands\Commands.csproj", "{D8AFEC7E-32B5-403D-A544-9F19A17F5ADB}"
EndProject
Project("{FAE04EC0-301F-11D3-BF4B-00C04F79EFBC}") = "Files", "Files\Files.csproj", "{503CC379-2EA0-4475-B9F4-DA1FA1B1051F}"
EndProject
Project("{FAE04EC0-301F-11D3-BF4B-00C04F79EFBC}") = "FileServer", "FileServer\FileServer.csproj", "{5708A6A5-7E1C-4B24-8B9D-D9E4088AE9CF}"
EndProject
Global
	GlobalSection(SolutionConfigurationPlatforms) = preSolution
		Debug|Any CPU = Debug|Any CPU
		Release|Any CPU = Release|Any CPU
	EndGlobalSection
	GlobalSection(ProjectConfigurationPlatforms) = postSolution
		{4BC570F5-4EDF-43AC-B016-1A0A25AA2FBE}.Debug|Any CPU.ActiveCfg = Debug|Any CPU
		{4BC570F5-4EDF-43AC-B016-1A0A25AA2FBE}.Debug|Any CPU.Build.0 = Debug|Any CPU
		{4BC570F5-4EDF-43AC-B016-1A0A25AA2FBE}.Release|Any CPU.ActiveCfg = Release|Any CPU
		{4BC570F5-4EDF-43AC-B016-1A0A25AA2FBE}.Release|Any CPU.Build.0 = Release|Any CPU
		{B84C9F45-0084-49D4-A6EF-655C94B783CD}.Debug|Any CPU.ActiveCfg = Debug|Any CPU
		{B84C9F45-0084-49D4-A6EF-655C94B783CD}.Debug|Any CPU.Build.0 = Debug|Any CPU
		{B84C9F45-0084-49D4-A6EF-655C94B783CD}.Release|Any CPU.ActiveCfg = Release|Any CPU
		{B84C9F45-0084-49D4-A6EF-655C94B783CD}.Release|Any CPU.Build.0 = Release|Any CPU
		{F29A3A6E-3BC2-4184-908C-15AD918D5546}.Debug|Any CPU.ActiveCfg = Debug|Any CPU
		{F29A3A6E-3BC2-4184-908C-15AD918D5546}.Debug|Any CPU.Build.0 = Debug|Any CPU
		{F29A3A6E-3BC2-4184-908C-15AD918D5546}.Release|Any CPU.ActiveCfg = Release|Any CPU
		{F29A3A6E-3BC2-4184-908C-15AD918D5546}.Release|Any CPU.Build.0 = Release|Any CPU
		{D8AFEC7E-32B5-403D-A544-9F19A17F5ADB}.Debug|Any CPU.ActiveCfg = Debug|Any CPU
		{D8AFEC7E-32B5-403D-A544-9F19A17F5ADB}.Debug|Any CPU.Build.0 = Debug|Any CPU
		{D8AFEC7E-32B5-403D-A544-9F19A17F5ADB}.Release|Any CPU.ActiveCfg = Release|Any CPU
		{D8AFEC7E-32B5-403D-A544-9F19A17F5ADB}.Release|Any CPU.Build.0 = Release|Any CPU
		{503CC379-2EA0-4475-B9F4-DA1FA1B1051F}.Debug|Any CPU.ActiveCfg = Debug|Any CPU
		{503CC379-2EA0-4475-B9F4-DA1FA1B1051F}.Debug|Any CPU.Build.0 = Debug|Any CPU
		{503CC379-2EA0-4475-B9F4-DA1FA1B1051F}.Release|Any CPU.ActiveCfg = Release|Any CPU
		{503CC379-2EA0-4475-B9F4-DA1FA1B1051F}.Release|Any CPU.Build.0 = Release|Any CPU
		{5708A6A5-7E1C-4B24-8B9D-D9E4088AE9CF}.Debug|Any CPU.ActiveCfg = Debug|Any CPU
		{5708A6A5-7E1C-4B24-8B9D-D9E4088AE9CF}.Debug|Any CPU.Build.0 = Debug|Any CPU
		{5708A6A5-7E1C-4B24-8B9D-D9E4088AE9CF}.Release|Any CPU.ActiveCfg = Release|Any CPU
		{5708A6A5-7E1C-4B24-8B9D-D9E4088AE9CF}.Release|Any CPU.Build.0 = Release|Any CPU
	EndGlobalSection
EndGlobal
